// !$*UTF8*$!
{
	archiveVersion = 1;
	classes = {
	};
	objectVersion = 55;
	objects = {

/* Begin PBXBuildFile section */
		702CB58D274D05E8005D3C17 /* WebRTCClient.swift in Sources */ = {isa = PBXBuildFile; fileRef = 702CB58A274D05E8005D3C17 /* WebRTCClient.swift */; };
		702CB58E274D05E8005D3C17 /* SignalingClient.swift in Sources */ = {isa = PBXBuildFile; fileRef = 702CB58B274D05E8005D3C17 /* SignalingClient.swift */; };
		702CB591274D0620005D3C17 /* NativeWebSocket.swift in Sources */ = {isa = PBXBuildFile; fileRef = 702CB58F274D0620005D3C17 /* NativeWebSocket.swift */; };
		702CB592274D0620005D3C17 /* WebSocketProvider.swift in Sources */ = {isa = PBXBuildFile; fileRef = 702CB590274D0620005D3C17 /* WebSocketProvider.swift */; };
		702CB596274D06A7005D3C17 /* IceCandidate.swift in Sources */ = {isa = PBXBuildFile; fileRef = 702CB593274D06A7005D3C17 /* IceCandidate.swift */; };
		702CB597274D06A7005D3C17 /* RTCStates.swift in Sources */ = {isa = PBXBuildFile; fileRef = 702CB594274D06A7005D3C17 /* RTCStates.swift */; };
		702CB598274D06A7005D3C17 /* SessionDescription.swift in Sources */ = {isa = PBXBuildFile; fileRef = 702CB595274D06A7005D3C17 /* SessionDescription.swift */; };
		704FEACF2750E45C00A984A8 /* Starscream in Frameworks */ = {isa = PBXBuildFile; productRef = 704FEACE2750E45B00A984A8 /* Starscream */; };
		704FEAD12750E4DF00A984A8 /* StarscreamWebSocket.swift in Sources */ = {isa = PBXBuildFile; fileRef = 704FEAD02750E4DF00A984A8 /* StarscreamWebSocket.swift */; };
		704FEAD3275115E200A984A8 /* InitialSocketMessage.swift in Sources */ = {isa = PBXBuildFile; fileRef = 704FEAD2275115E200A984A8 /* InitialSocketMessage.swift */; };
		70A824182754E64600C65BC9 /* JavascriptData.swift in Sources */ = {isa = PBXBuildFile; fileRef = 70A824172754E64600C65BC9 /* JavascriptData.swift */; };
		70A8241A2754E66F00C65BC9 /* SdpOffer.swift in Sources */ = {isa = PBXBuildFile; fileRef = 70A824192754E66F00C65BC9 /* SdpOffer.swift */; };
		70A8241C2754EC1800C65BC9 /* SdpAnswer.swift in Sources */ = {isa = PBXBuildFile; fileRef = 70A8241B2754EC1800C65BC9 /* SdpAnswer.swift */; };
		70B32A692746C7E900BA40A7 /* WebRTC in Frameworks */ = {isa = PBXBuildFile; productRef = 70B32A682746C7E900BA40A7 /* WebRTC */; };
		70BFA3572747D58700AB858A /* String+.swift in Sources */ = {isa = PBXBuildFile; fileRef = 70BFA3562747D58700AB858A /* String+.swift */; };
		942077F1273E722800E6EEBB /* ViewController+.swift in Sources */ = {isa = PBXBuildFile; fileRef = 942077F0273E722800E6EEBB /* ViewController+.swift */; };
		942077F3273E759300E6EEBB /* Constants.swift in Sources */ = {isa = PBXBuildFile; fileRef = 942077F2273E759300E6EEBB /* Constants.swift */; };
		946C34D9273D2EFE002C0E2C /* BBBURL.swift in Sources */ = {isa = PBXBuildFile; fileRef = 946C34D8273D2EFE002C0E2C /* BBBURL.swift */; };
		946C34DB273D42EB002C0E2C /* AppEnvironment.swift in Sources */ = {isa = PBXBuildFile; fileRef = 946C34DA273D42EB002C0E2C /* AppEnvironment.swift */; };
		94A7B73A273D17AE00862DA1 /* AppDelegate.swift in Sources */ = {isa = PBXBuildFile; fileRef = 94A7B739273D17AE00862DA1 /* AppDelegate.swift */; };
		94A7B73E273D17AE00862DA1 /* WebViewController.swift in Sources */ = {isa = PBXBuildFile; fileRef = 94A7B73D273D17AE00862DA1 /* WebViewController.swift */; };
		94A7B743273D17B200862DA1 /* Assets.xcassets in Resources */ = {isa = PBXBuildFile; fileRef = 94A7B742273D17B200862DA1 /* Assets.xcassets */; };
		94A7B746273D17B200862DA1 /* LaunchScreen.storyboard in Resources */ = {isa = PBXBuildFile; fileRef = 94A7B744273D17B200862DA1 /* LaunchScreen.storyboard */; };
		94A7B751273D17B200862DA1 /* BigBlueButton_RLPTests.swift in Sources */ = {isa = PBXBuildFile; fileRef = 94A7B750273D17B200862DA1 /* BigBlueButton_RLPTests.swift */; };
/* End PBXBuildFile section */

/* Begin PBXContainerItemProxy section */
		94A7B74D273D17B200862DA1 /* PBXContainerItemProxy */ = {
			isa = PBXContainerItemProxy;
			containerPortal = 94A7B72E273D17AE00862DA1 /* Project object */;
			proxyType = 1;
			remoteGlobalIDString = 94A7B735273D17AE00862DA1;
			remoteInfo = "BigBlueButton-RLP";
		};
/* End PBXContainerItemProxy section */

/* Begin PBXFileReference section */
		702CB58A274D05E8005D3C17 /* WebRTCClient.swift */ = {isa = PBXFileReference; fileEncoding = 4; lastKnownFileType = sourcecode.swift; path = WebRTCClient.swift; sourceTree = "<group>"; };
		702CB58B274D05E8005D3C17 /* SignalingClient.swift */ = {isa = PBXFileReference; fileEncoding = 4; lastKnownFileType = sourcecode.swift; path = SignalingClient.swift; sourceTree = "<group>"; };
		702CB58F274D0620005D3C17 /* NativeWebSocket.swift */ = {isa = PBXFileReference; fileEncoding = 4; lastKnownFileType = sourcecode.swift; path = NativeWebSocket.swift; sourceTree = "<group>"; };
		702CB590274D0620005D3C17 /* WebSocketProvider.swift */ = {isa = PBXFileReference; fileEncoding = 4; lastKnownFileType = sourcecode.swift; path = WebSocketProvider.swift; sourceTree = "<group>"; };
		702CB593274D06A7005D3C17 /* IceCandidate.swift */ = {isa = PBXFileReference; fileEncoding = 4; lastKnownFileType = sourcecode.swift; path = IceCandidate.swift; sourceTree = "<group>"; };
		702CB594274D06A7005D3C17 /* RTCStates.swift */ = {isa = PBXFileReference; fileEncoding = 4; lastKnownFileType = sourcecode.swift; path = RTCStates.swift; sourceTree = "<group>"; };
		702CB595274D06A7005D3C17 /* SessionDescription.swift */ = {isa = PBXFileReference; fileEncoding = 4; lastKnownFileType = sourcecode.swift; path = SessionDescription.swift; sourceTree = "<group>"; };
		704FEAD02750E4DF00A984A8 /* StarscreamWebSocket.swift */ = {isa = PBXFileReference; lastKnownFileType = sourcecode.swift; path = StarscreamWebSocket.swift; sourceTree = "<group>"; };
		704FEAD2275115E200A984A8 /* InitialSocketMessage.swift */ = {isa = PBXFileReference; lastKnownFileType = sourcecode.swift; path = InitialSocketMessage.swift; sourceTree = "<group>"; };
		70A824172754E64600C65BC9 /* JavascriptData.swift */ = {isa = PBXFileReference; lastKnownFileType = sourcecode.swift; path = JavascriptData.swift; sourceTree = "<group>"; };
		70A824192754E66F00C65BC9 /* SdpOffer.swift */ = {isa = PBXFileReference; lastKnownFileType = sourcecode.swift; path = SdpOffer.swift; sourceTree = "<group>"; };
		70A8241B2754EC1800C65BC9 /* SdpAnswer.swift */ = {isa = PBXFileReference; lastKnownFileType = sourcecode.swift; path = SdpAnswer.swift; sourceTree = "<group>"; };
		70BFA3562747D58700AB858A /* String+.swift */ = {isa = PBXFileReference; lastKnownFileType = sourcecode.swift; path = "String+.swift"; sourceTree = "<group>"; };
		942077F0273E722800E6EEBB /* ViewController+.swift */ = {isa = PBXFileReference; lastKnownFileType = sourcecode.swift; path = "ViewController+.swift"; sourceTree = "<group>"; };
		942077F2273E759300E6EEBB /* Constants.swift */ = {isa = PBXFileReference; lastKnownFileType = sourcecode.swift; path = Constants.swift; sourceTree = "<group>"; };
		946C34D8273D2EFE002C0E2C /* BBBURL.swift */ = {isa = PBXFileReference; lastKnownFileType = sourcecode.swift; path = BBBURL.swift; sourceTree = "<group>"; };
		946C34DA273D42EB002C0E2C /* AppEnvironment.swift */ = {isa = PBXFileReference; lastKnownFileType = sourcecode.swift; path = AppEnvironment.swift; sourceTree = "<group>"; };
		94A7B736273D17AE00862DA1 /* BigBlueButton-RLP.app */ = {isa = PBXFileReference; explicitFileType = wrapper.application; includeInIndex = 0; path = "BigBlueButton-RLP.app"; sourceTree = BUILT_PRODUCTS_DIR; };
		94A7B739273D17AE00862DA1 /* AppDelegate.swift */ = {isa = PBXFileReference; lastKnownFileType = sourcecode.swift; path = AppDelegate.swift; sourceTree = "<group>"; };
		94A7B73D273D17AE00862DA1 /* WebViewController.swift */ = {isa = PBXFileReference; lastKnownFileType = sourcecode.swift; path = WebViewController.swift; sourceTree = "<group>"; };
		94A7B742273D17B200862DA1 /* Assets.xcassets */ = {isa = PBXFileReference; lastKnownFileType = folder.assetcatalog; path = Assets.xcassets; sourceTree = "<group>"; };
		94A7B745273D17B200862DA1 /* Base */ = {isa = PBXFileReference; lastKnownFileType = file.storyboard; name = Base; path = Base.lproj/LaunchScreen.storyboard; sourceTree = "<group>"; };
		94A7B747273D17B200862DA1 /* Info.plist */ = {isa = PBXFileReference; lastKnownFileType = text.plist.xml; path = Info.plist; sourceTree = "<group>"; };
		94A7B74C273D17B200862DA1 /* BigBlueButton-RLPTests.xctest */ = {isa = PBXFileReference; explicitFileType = wrapper.cfbundle; includeInIndex = 0; path = "BigBlueButton-RLPTests.xctest"; sourceTree = BUILT_PRODUCTS_DIR; };
		94A7B750273D17B200862DA1 /* BigBlueButton_RLPTests.swift */ = {isa = PBXFileReference; lastKnownFileType = sourcecode.swift; path = BigBlueButton_RLPTests.swift; sourceTree = "<group>"; };
/* End PBXFileReference section */

/* Begin PBXFrameworksBuildPhase section */
		94A7B733273D17AE00862DA1 /* Frameworks */ = {
			isa = PBXFrameworksBuildPhase;
			buildActionMask = 2147483647;
			files = (
				70B32A692746C7E900BA40A7 /* WebRTC in Frameworks */,
				704FEACF2750E45C00A984A8 /* Starscream in Frameworks */,
			);
			runOnlyForDeploymentPostprocessing = 0;
		};
		94A7B749273D17B200862DA1 /* Frameworks */ = {
			isa = PBXFrameworksBuildPhase;
			buildActionMask = 2147483647;
			files = (
			);
			runOnlyForDeploymentPostprocessing = 0;
		};
/* End PBXFrameworksBuildPhase section */

/* Begin PBXGroup section */
		702CB588274D0591005D3C17 /* Services */ = {
			isa = PBXGroup;
			children = (
				702CB590274D0620005D3C17 /* WebSocketProvider.swift */,
				704FEAD02750E4DF00A984A8 /* StarscreamWebSocket.swift */,
				702CB58F274D0620005D3C17 /* NativeWebSocket.swift */,
				702CB58B274D05E8005D3C17 /* SignalingClient.swift */,
				702CB58A274D05E8005D3C17 /* WebRTCClient.swift */,
			);
			path = Services;
			sourceTree = "<group>";
		};
		702CB599274D074E005D3C17 /* Model */ = {
			isa = PBXGroup;
			children = (
				702CB595274D06A7005D3C17 /* SessionDescription.swift */,
				702CB593274D06A7005D3C17 /* IceCandidate.swift */,
				70A824172754E64600C65BC9 /* JavascriptData.swift */,
				704FEAD2275115E200A984A8 /* InitialSocketMessage.swift */,
				70A824192754E66F00C65BC9 /* SdpOffer.swift */,
				70A8241B2754EC1800C65BC9 /* SdpAnswer.swift */,
			);
			path = Model;
			sourceTree = "<group>";
		};
		946C34CF273D1DB8002C0E2C /* Scenes */ = {
			isa = PBXGroup;
			children = (
				94A7B73D273D17AE00862DA1 /* WebViewController.swift */,
			);
			path = Scenes;
			sourceTree = "<group>";
		};
		946C34D1273D1DF0002C0E2C /* Extensions */ = {
			isa = PBXGroup;
			children = (
				702CB594274D06A7005D3C17 /* RTCStates.swift */,
				942077F0273E722800E6EEBB /* ViewController+.swift */,
				70BFA3562747D58700AB858A /* String+.swift */,
			);
			path = Extensions;
			sourceTree = "<group>";
		};
		946C34D3273D1E39002C0E2C /* Resources */ = {
			isa = PBXGroup;
			children = (
				94A7B742273D17B200862DA1 /* Assets.xcassets */,
			);
			path = Resources;
			sourceTree = "<group>";
		};
		946C34D5273D1EAB002C0E2C /* Utilities */ = {
			isa = PBXGroup;
			children = (
				946C34DA273D42EB002C0E2C /* AppEnvironment.swift */,
			);
			path = Utilities;
			sourceTree = "<group>";
		};
		946C34D6273D1EC4002C0E2C /* SupportingFiles */ = {
			isa = PBXGroup;
			children = (
				94A7B744273D17B200862DA1 /* LaunchScreen.storyboard */,
			);
			path = SupportingFiles;
			sourceTree = "<group>";
		};
		946C34D7273D1EF3002C0E2C /* Constants */ = {
			isa = PBXGroup;
			children = (
				946C34D8273D2EFE002C0E2C /* BBBURL.swift */,
				942077F2273E759300E6EEBB /* Constants.swift */,
			);
			path = Constants;
			sourceTree = "<group>";
		};
		94A7B72D273D17AE00862DA1 = {
			isa = PBXGroup;
			children = (
				94A7B738273D17AE00862DA1 /* BigBlueButton-RLP */,
				94A7B74F273D17B200862DA1 /* BigBlueButton-RLPTests */,
				94A7B737273D17AE00862DA1 /* Products */,
			);
			sourceTree = "<group>";
		};
		94A7B737273D17AE00862DA1 /* Products */ = {
			isa = PBXGroup;
			children = (
				94A7B736273D17AE00862DA1 /* BigBlueButton-RLP.app */,
				94A7B74C273D17B200862DA1 /* BigBlueButton-RLPTests.xctest */,
			);
			name = Products;
			sourceTree = "<group>";
		};
		94A7B738273D17AE00862DA1 /* BigBlueButton-RLP */ = {
			isa = PBXGroup;
			children = (
				94A7B739273D17AE00862DA1 /* AppDelegate.swift */,
				946C34CF273D1DB8002C0E2C /* Scenes */,
				702CB599274D074E005D3C17 /* Model */,
				702CB588274D0591005D3C17 /* Services */,
				946C34D5273D1EAB002C0E2C /* Utilities */,
				946C34D7273D1EF3002C0E2C /* Constants */,
				946C34D1273D1DF0002C0E2C /* Extensions */,
				946C34D3273D1E39002C0E2C /* Resources */,
				946C34D6273D1EC4002C0E2C /* SupportingFiles */,
				94A7B747273D17B200862DA1 /* Info.plist */,
			);
			path = "BigBlueButton-RLP";
			sourceTree = "<group>";
		};
		94A7B74F273D17B200862DA1 /* BigBlueButton-RLPTests */ = {
			isa = PBXGroup;
			children = (
				94A7B750273D17B200862DA1 /* BigBlueButton_RLPTests.swift */,
			);
			path = "BigBlueButton-RLPTests";
			sourceTree = "<group>";
		};
/* End PBXGroup section */

/* Begin PBXNativeTarget section */
		94A7B735273D17AE00862DA1 /* BigBlueButton-RLP */ = {
			isa = PBXNativeTarget;
			buildConfigurationList = 94A7B760273D17B300862DA1 /* Build configuration list for PBXNativeTarget "BigBlueButton-RLP" */;
			buildPhases = (
				94A7B732273D17AE00862DA1 /* Sources */,
				94A7B733273D17AE00862DA1 /* Frameworks */,
				94A7B734273D17AE00862DA1 /* Resources */,
			);
			buildRules = (
			);
			dependencies = (
			);
			name = "BigBlueButton-RLP";
			packageProductDependencies = (
				70B32A682746C7E900BA40A7 /* WebRTC */,
				704FEACE2750E45B00A984A8 /* Starscream */,
			);
			productName = "BigBlueButton-RLP";
			productReference = 94A7B736273D17AE00862DA1 /* BigBlueButton-RLP.app */;
			productType = "com.apple.product-type.application";
		};
		94A7B74B273D17B200862DA1 /* BigBlueButton-RLPTests */ = {
			isa = PBXNativeTarget;
			buildConfigurationList = 94A7B763273D17B300862DA1 /* Build configuration list for PBXNativeTarget "BigBlueButton-RLPTests" */;
			buildPhases = (
				94A7B748273D17B200862DA1 /* Sources */,
				94A7B749273D17B200862DA1 /* Frameworks */,
				94A7B74A273D17B200862DA1 /* Resources */,
			);
			buildRules = (
			);
			dependencies = (
				94A7B74E273D17B200862DA1 /* PBXTargetDependency */,
			);
			name = "BigBlueButton-RLPTests";
			productName = "BigBlueButton-RLPTests";
			productReference = 94A7B74C273D17B200862DA1 /* BigBlueButton-RLPTests.xctest */;
			productType = "com.apple.product-type.bundle.unit-test";
		};
/* End PBXNativeTarget section */

/* Begin PBXProject section */
		94A7B72E273D17AE00862DA1 /* Project object */ = {
			isa = PBXProject;
			attributes = {
				BuildIndependentTargetsInParallel = 1;
				LastSwiftUpdateCheck = 1310;
				LastUpgradeCheck = 1310;
				TargetAttributes = {
					94A7B735273D17AE00862DA1 = {
						CreatedOnToolsVersion = 13.1;
					};
					94A7B74B273D17B200862DA1 = {
						CreatedOnToolsVersion = 13.1;
						TestTargetID = 94A7B735273D17AE00862DA1;
					};
				};
			};
			buildConfigurationList = 94A7B731273D17AE00862DA1 /* Build configuration list for PBXProject "BigBlueButton-RLP" */;
			compatibilityVersion = "Xcode 13.0";
			developmentRegion = en;
			hasScannedForEncodings = 0;
			knownRegions = (
				en,
				Base,
			);
			mainGroup = 94A7B72D273D17AE00862DA1;
			packageReferences = (
				70B32A672746C7E900BA40A7 /* XCRemoteSwiftPackageReference "WebRTC" */,
				704FEACD2750E45B00A984A8 /* XCRemoteSwiftPackageReference "Starscream" */,
			);
			productRefGroup = 94A7B737273D17AE00862DA1 /* Products */;
			projectDirPath = "";
			projectRoot = "";
			targets = (
				94A7B735273D17AE00862DA1 /* BigBlueButton-RLP */,
				94A7B74B273D17B200862DA1 /* BigBlueButton-RLPTests */,
			);
		};
/* End PBXProject section */

/* Begin PBXResourcesBuildPhase section */
		94A7B734273D17AE00862DA1 /* Resources */ = {
			isa = PBXResourcesBuildPhase;
			buildActionMask = 2147483647;
			files = (
				94A7B746273D17B200862DA1 /* LaunchScreen.storyboard in Resources */,
				94A7B743273D17B200862DA1 /* Assets.xcassets in Resources */,
			);
			runOnlyForDeploymentPostprocessing = 0;
		};
		94A7B74A273D17B200862DA1 /* Resources */ = {
			isa = PBXResourcesBuildPhase;
			buildActionMask = 2147483647;
			files = (
			);
			runOnlyForDeploymentPostprocessing = 0;
		};
/* End PBXResourcesBuildPhase section */

/* Begin PBXSourcesBuildPhase section */
		94A7B732273D17AE00862DA1 /* Sources */ = {
			isa = PBXSourcesBuildPhase;
			buildActionMask = 2147483647;
			files = (
				704FEAD12750E4DF00A984A8 /* StarscreamWebSocket.swift in Sources */,
				702CB592274D0620005D3C17 /* WebSocketProvider.swift in Sources */,
				942077F3273E759300E6EEBB /* Constants.swift in Sources */,
				70A824182754E64600C65BC9 /* JavascriptData.swift in Sources */,
				702CB58D274D05E8005D3C17 /* WebRTCClient.swift in Sources */,
				946C34DB273D42EB002C0E2C /* AppEnvironment.swift in Sources */,
				70BFA3572747D58700AB858A /* String+.swift in Sources */,
				704FEAD3275115E200A984A8 /* InitialSocketMessage.swift in Sources */,
				70A8241C2754EC1800C65BC9 /* SdpAnswer.swift in Sources */,
				702CB58E274D05E8005D3C17 /* SignalingClient.swift in Sources */,
				702CB596274D06A7005D3C17 /* IceCandidate.swift in Sources */,
				702CB591274D0620005D3C17 /* NativeWebSocket.swift in Sources */,
				946C34D9273D2EFE002C0E2C /* BBBURL.swift in Sources */,
				94A7B73E273D17AE00862DA1 /* WebViewController.swift in Sources */,
				702CB598274D06A7005D3C17 /* SessionDescription.swift in Sources */,
				94A7B73A273D17AE00862DA1 /* AppDelegate.swift in Sources */,
				70A8241A2754E66F00C65BC9 /* SdpOffer.swift in Sources */,
				702CB597274D06A7005D3C17 /* RTCStates.swift in Sources */,
				942077F1273E722800E6EEBB /* ViewController+.swift in Sources */,
			);
			runOnlyForDeploymentPostprocessing = 0;
		};
		94A7B748273D17B200862DA1 /* Sources */ = {
			isa = PBXSourcesBuildPhase;
			buildActionMask = 2147483647;
			files = (
				94A7B751273D17B200862DA1 /* BigBlueButton_RLPTests.swift in Sources */,
			);
			runOnlyForDeploymentPostprocessing = 0;
		};
/* End PBXSourcesBuildPhase section */

/* Begin PBXTargetDependency section */
		94A7B74E273D17B200862DA1 /* PBXTargetDependency */ = {
			isa = PBXTargetDependency;
			target = 94A7B735273D17AE00862DA1 /* BigBlueButton-RLP */;
			targetProxy = 94A7B74D273D17B200862DA1 /* PBXContainerItemProxy */;
		};
/* End PBXTargetDependency section */

/* Begin PBXVariantGroup section */
		94A7B744273D17B200862DA1 /* LaunchScreen.storyboard */ = {
			isa = PBXVariantGroup;
			children = (
				94A7B745273D17B200862DA1 /* Base */,
			);
			name = LaunchScreen.storyboard;
			sourceTree = "<group>";
		};
/* End PBXVariantGroup section */

/* Begin XCBuildConfiguration section */
		94A7B75E273D17B300862DA1 /* Debug */ = {
			isa = XCBuildConfiguration;
			buildSettings = {
				ALWAYS_SEARCH_USER_PATHS = NO;
				CLANG_ANALYZER_NONNULL = YES;
				CLANG_ANALYZER_NUMBER_OBJECT_CONVERSION = YES_AGGRESSIVE;
				CLANG_CXX_LANGUAGE_STANDARD = "gnu++17";
				CLANG_CXX_LIBRARY = "libc++";
				CLANG_ENABLE_MODULES = YES;
				CLANG_ENABLE_OBJC_ARC = YES;
				CLANG_ENABLE_OBJC_WEAK = YES;
				CLANG_WARN_BLOCK_CAPTURE_AUTORELEASING = YES;
				CLANG_WARN_BOOL_CONVERSION = YES;
				CLANG_WARN_COMMA = YES;
				CLANG_WARN_CONSTANT_CONVERSION = YES;
				CLANG_WARN_DEPRECATED_OBJC_IMPLEMENTATIONS = YES;
				CLANG_WARN_DIRECT_OBJC_ISA_USAGE = YES_ERROR;
				CLANG_WARN_DOCUMENTATION_COMMENTS = YES;
				CLANG_WARN_EMPTY_BODY = YES;
				CLANG_WARN_ENUM_CONVERSION = YES;
				CLANG_WARN_INFINITE_RECURSION = YES;
				CLANG_WARN_INT_CONVERSION = YES;
				CLANG_WARN_NON_LITERAL_NULL_CONVERSION = YES;
				CLANG_WARN_OBJC_IMPLICIT_RETAIN_SELF = YES;
				CLANG_WARN_OBJC_LITERAL_CONVERSION = YES;
				CLANG_WARN_OBJC_ROOT_CLASS = YES_ERROR;
				CLANG_WARN_QUOTED_INCLUDE_IN_FRAMEWORK_HEADER = YES;
				CLANG_WARN_RANGE_LOOP_ANALYSIS = YES;
				CLANG_WARN_STRICT_PROTOTYPES = YES;
				CLANG_WARN_SUSPICIOUS_MOVE = YES;
				CLANG_WARN_UNGUARDED_AVAILABILITY = YES_AGGRESSIVE;
				CLANG_WARN_UNREACHABLE_CODE = YES;
				CLANG_WARN__DUPLICATE_METHOD_MATCH = YES;
				COPY_PHASE_STRIP = NO;
				DEBUG_INFORMATION_FORMAT = dwarf;
				ENABLE_STRICT_OBJC_MSGSEND = YES;
				ENABLE_TESTABILITY = YES;
				GCC_C_LANGUAGE_STANDARD = gnu11;
				GCC_DYNAMIC_NO_PIC = NO;
				GCC_NO_COMMON_BLOCKS = YES;
				GCC_OPTIMIZATION_LEVEL = 0;
				GCC_PREPROCESSOR_DEFINITIONS = (
					"DEBUG=1",
					"$(inherited)",
				);
				GCC_WARN_64_TO_32_BIT_CONVERSION = YES;
				GCC_WARN_ABOUT_RETURN_TYPE = YES_ERROR;
				GCC_WARN_UNDECLARED_SELECTOR = YES;
				GCC_WARN_UNINITIALIZED_AUTOS = YES_AGGRESSIVE;
				GCC_WARN_UNUSED_FUNCTION = YES;
				GCC_WARN_UNUSED_VARIABLE = YES;
				IPHONEOS_DEPLOYMENT_TARGET = 13.0;
				MTL_ENABLE_DEBUG_INFO = INCLUDE_SOURCE;
				MTL_FAST_MATH = YES;
				ONLY_ACTIVE_ARCH = YES;
				SDKROOT = iphoneos;
				SWIFT_ACTIVE_COMPILATION_CONDITIONS = DEBUG;
				SWIFT_OPTIMIZATION_LEVEL = "-Onone";
			};
			name = Debug;
		};
		94A7B75F273D17B300862DA1 /* Release */ = {
			isa = XCBuildConfiguration;
			buildSettings = {
				ALWAYS_SEARCH_USER_PATHS = NO;
				CLANG_ANALYZER_NONNULL = YES;
				CLANG_ANALYZER_NUMBER_OBJECT_CONVERSION = YES_AGGRESSIVE;
				CLANG_CXX_LANGUAGE_STANDARD = "gnu++17";
				CLANG_CXX_LIBRARY = "libc++";
				CLANG_ENABLE_MODULES = YES;
				CLANG_ENABLE_OBJC_ARC = YES;
				CLANG_ENABLE_OBJC_WEAK = YES;
				CLANG_WARN_BLOCK_CAPTURE_AUTORELEASING = YES;
				CLANG_WARN_BOOL_CONVERSION = YES;
				CLANG_WARN_COMMA = YES;
				CLANG_WARN_CONSTANT_CONVERSION = YES;
				CLANG_WARN_DEPRECATED_OBJC_IMPLEMENTATIONS = YES;
				CLANG_WARN_DIRECT_OBJC_ISA_USAGE = YES_ERROR;
				CLANG_WARN_DOCUMENTATION_COMMENTS = YES;
				CLANG_WARN_EMPTY_BODY = YES;
				CLANG_WARN_ENUM_CONVERSION = YES;
				CLANG_WARN_INFINITE_RECURSION = YES;
				CLANG_WARN_INT_CONVERSION = YES;
				CLANG_WARN_NON_LITERAL_NULL_CONVERSION = YES;
				CLANG_WARN_OBJC_IMPLICIT_RETAIN_SELF = YES;
				CLANG_WARN_OBJC_LITERAL_CONVERSION = YES;
				CLANG_WARN_OBJC_ROOT_CLASS = YES_ERROR;
				CLANG_WARN_QUOTED_INCLUDE_IN_FRAMEWORK_HEADER = YES;
				CLANG_WARN_RANGE_LOOP_ANALYSIS = YES;
				CLANG_WARN_STRICT_PROTOTYPES = YES;
				CLANG_WARN_SUSPICIOUS_MOVE = YES;
				CLANG_WARN_UNGUARDED_AVAILABILITY = YES_AGGRESSIVE;
				CLANG_WARN_UNREACHABLE_CODE = YES;
				CLANG_WARN__DUPLICATE_METHOD_MATCH = YES;
				COPY_PHASE_STRIP = NO;
				DEBUG_INFORMATION_FORMAT = "dwarf-with-dsym";
				ENABLE_NS_ASSERTIONS = NO;
				ENABLE_STRICT_OBJC_MSGSEND = YES;
				GCC_C_LANGUAGE_STANDARD = gnu11;
				GCC_NO_COMMON_BLOCKS = YES;
				GCC_WARN_64_TO_32_BIT_CONVERSION = YES;
				GCC_WARN_ABOUT_RETURN_TYPE = YES_ERROR;
				GCC_WARN_UNDECLARED_SELECTOR = YES;
				GCC_WARN_UNINITIALIZED_AUTOS = YES_AGGRESSIVE;
				GCC_WARN_UNUSED_FUNCTION = YES;
				GCC_WARN_UNUSED_VARIABLE = YES;
				IPHONEOS_DEPLOYMENT_TARGET = 13.0;
				MTL_ENABLE_DEBUG_INFO = NO;
				MTL_FAST_MATH = YES;
				SDKROOT = iphoneos;
				SWIFT_COMPILATION_MODE = wholemodule;
				SWIFT_OPTIMIZATION_LEVEL = "-O";
				VALIDATE_PRODUCT = YES;
			};
			name = Release;
		};
		94A7B761273D17B300862DA1 /* Debug */ = {
			isa = XCBuildConfiguration;
			buildSettings = {
				ASSETCATALOG_COMPILER_APPICON_NAME = AppIcon;
				ASSETCATALOG_COMPILER_GLOBAL_ACCENT_COLOR_NAME = AccentColor;
				CODE_SIGN_STYLE = Automatic;
				CURRENT_PROJECT_VERSION = 1;
				DEVELOPMENT_TEAM = M6T2825W2N;
				GENERATE_INFOPLIST_FILE = YES;
				INFOPLIST_FILE = "BigBlueButton-RLP/Info.plist";
				INFOPLIST_KEY_UIApplicationSupportsIndirectInputEvents = YES;
				INFOPLIST_KEY_UILaunchStoryboardName = LaunchScreen;
				INFOPLIST_KEY_UISupportedInterfaceOrientations_iPad = "UIInterfaceOrientationPortrait UIInterfaceOrientationPortraitUpsideDown UIInterfaceOrientationLandscapeLeft UIInterfaceOrientationLandscapeRight";
				INFOPLIST_KEY_UISupportedInterfaceOrientations_iPhone = "UIInterfaceOrientationPortrait UIInterfaceOrientationLandscapeLeft UIInterfaceOrientationLandscapeRight";
				LD_RUNPATH_SEARCH_PATHS = (
					"$(inherited)",
					"@executable_path/Frameworks",
				);
				MARKETING_VERSION = 1.0;
				PRODUCT_BUNDLE_IDENTIFIER = com.zuehlke.bbb;
				PRODUCT_NAME = "$(TARGET_NAME)";
				SWIFT_EMIT_LOC_STRINGS = YES;
				SWIFT_VERSION = 5.0;
				TARGETED_DEVICE_FAMILY = "1,2";
			};
			name = Debug;
		};
		94A7B762273D17B300862DA1 /* Release */ = {
			isa = XCBuildConfiguration;
			buildSettings = {
				ASSETCATALOG_COMPILER_APPICON_NAME = AppIcon;
				ASSETCATALOG_COMPILER_GLOBAL_ACCENT_COLOR_NAME = AccentColor;
				CODE_SIGN_STYLE = Automatic;
				CURRENT_PROJECT_VERSION = 1;
				DEVELOPMENT_TEAM = M6T2825W2N;
				GENERATE_INFOPLIST_FILE = YES;
				INFOPLIST_FILE = "BigBlueButton-RLP/Info.plist";
				INFOPLIST_KEY_UIApplicationSupportsIndirectInputEvents = YES;
				INFOPLIST_KEY_UILaunchStoryboardName = LaunchScreen;
				INFOPLIST_KEY_UISupportedInterfaceOrientations_iPad = "UIInterfaceOrientationPortrait UIInterfaceOrientationPortraitUpsideDown UIInterfaceOrientationLandscapeLeft UIInterfaceOrientationLandscapeRight";
				INFOPLIST_KEY_UISupportedInterfaceOrientations_iPhone = "UIInterfaceOrientationPortrait UIInterfaceOrientationLandscapeLeft UIInterfaceOrientationLandscapeRight";
				LD_RUNPATH_SEARCH_PATHS = (
					"$(inherited)",
					"@executable_path/Frameworks",
				);
				MARKETING_VERSION = 1.0;
				PRODUCT_BUNDLE_IDENTIFIER = com.zuehlke.bbb;
				PRODUCT_NAME = "$(TARGET_NAME)";
				SWIFT_EMIT_LOC_STRINGS = YES;
				SWIFT_VERSION = 5.0;
				TARGETED_DEVICE_FAMILY = "1,2";
			};
			name = Release;
		};
		94A7B764273D17B300862DA1 /* Debug */ = {
			isa = XCBuildConfiguration;
			buildSettings = {
				ALWAYS_EMBED_SWIFT_STANDARD_LIBRARIES = YES;
				BUNDLE_LOADER = "$(TEST_HOST)";
				CODE_SIGN_STYLE = Automatic;
				CURRENT_PROJECT_VERSION = 1;
				DEVELOPMENT_TEAM = M6T2825W2N;
				GENERATE_INFOPLIST_FILE = YES;
				IPHONEOS_DEPLOYMENT_TARGET = 15.0;
				LD_RUNPATH_SEARCH_PATHS = (
					"$(inherited)",
					"@executable_path/Frameworks",
					"@loader_path/Frameworks",
				);
				MARKETING_VERSION = 1.0;
				PRODUCT_BUNDLE_IDENTIFIER = "com.zuehlke.bbb.BigBlueButton-RLPTests";
				PRODUCT_NAME = "$(TARGET_NAME)";
				SWIFT_EMIT_LOC_STRINGS = NO;
				SWIFT_VERSION = 5.0;
				TARGETED_DEVICE_FAMILY = "1,2";
				TEST_HOST = "$(BUILT_PRODUCTS_DIR)/BigBlueButton-RLP.app/BigBlueButton-RLP";
			};
			name = Debug;
		};
		94A7B765273D17B300862DA1 /* Release */ = {
			isa = XCBuildConfiguration;
			buildSettings = {
				ALWAYS_EMBED_SWIFT_STANDARD_LIBRARIES = YES;
				BUNDLE_LOADER = "$(TEST_HOST)";
				CODE_SIGN_STYLE = Automatic;
				CURRENT_PROJECT_VERSION = 1;
				DEVELOPMENT_TEAM = M6T2825W2N;
				GENERATE_INFOPLIST_FILE = YES;
				IPHONEOS_DEPLOYMENT_TARGET = 15.0;
				LD_RUNPATH_SEARCH_PATHS = (
					"$(inherited)",
					"@executable_path/Frameworks",
					"@loader_path/Frameworks",
				);
				MARKETING_VERSION = 1.0;
				PRODUCT_BUNDLE_IDENTIFIER = "com.zuehlke.bbb.BigBlueButton-RLPTests";
				PRODUCT_NAME = "$(TARGET_NAME)";
				SWIFT_EMIT_LOC_STRINGS = NO;
				SWIFT_VERSION = 5.0;
				TARGETED_DEVICE_FAMILY = "1,2";
				TEST_HOST = "$(BUILT_PRODUCTS_DIR)/BigBlueButton-RLP.app/BigBlueButton-RLP";
			};
			name = Release;
		};
/* End XCBuildConfiguration section */

/* Begin XCConfigurationList section */
		94A7B731273D17AE00862DA1 /* Build configuration list for PBXProject "BigBlueButton-RLP" */ = {
			isa = XCConfigurationList;
			buildConfigurations = (
				94A7B75E273D17B300862DA1 /* Debug */,
				94A7B75F273D17B300862DA1 /* Release */,
			);
			defaultConfigurationIsVisible = 0;
			defaultConfigurationName = Release;
		};
		94A7B760273D17B300862DA1 /* Build configuration list for PBXNativeTarget "BigBlueButton-RLP" */ = {
			isa = XCConfigurationList;
			buildConfigurations = (
				94A7B761273D17B300862DA1 /* Debug */,
				94A7B762273D17B300862DA1 /* Release */,
			);
			defaultConfigurationIsVisible = 0;
			defaultConfigurationName = Release;
		};
		94A7B763273D17B300862DA1 /* Build configuration list for PBXNativeTarget "BigBlueButton-RLPTests" */ = {
			isa = XCConfigurationList;
			buildConfigurations = (
				94A7B764273D17B300862DA1 /* Debug */,
				94A7B765273D17B300862DA1 /* Release */,
			);
			defaultConfigurationIsVisible = 0;
			defaultConfigurationName = Release;
		};
/* End XCConfigurationList section */

/* Begin XCRemoteSwiftPackageReference section */
		704FEACD2750E45B00A984A8 /* XCRemoteSwiftPackageReference "Starscream" */ = {
			isa = XCRemoteSwiftPackageReference;
			repositoryURL = "https://github.com/daltoniam/Starscream.git";
			requirement = {
				kind = upToNextMajorVersion;
				minimumVersion = 4.0.0;
			};
		};
		70B32A672746C7E900BA40A7 /* XCRemoteSwiftPackageReference "WebRTC" */ = {
			isa = XCRemoteSwiftPackageReference;
			repositoryURL = "https://github.com/stasel/WebRTC";
			requirement = {
				kind = upToNextMajorVersion;
				minimumVersion = 95.0.0;
			};
		};
/* End XCRemoteSwiftPackageReference section */

/* Begin XCSwiftPackageProductDependency section */
		704FEACE2750E45B00A984A8 /* Starscream */ = {
			isa = XCSwiftPackageProductDependency;
			package = 704FEACD2750E45B00A984A8 /* XCRemoteSwiftPackageReference "Starscream" */;
			productName = Starscream;
		};
		70B32A682746C7E900BA40A7 /* WebRTC */ = {
			isa = XCSwiftPackageProductDependency;
			package = 70B32A672746C7E900BA40A7 /* XCRemoteSwiftPackageReference "WebRTC" */;
			productName = WebRTC;
		};
/* End XCSwiftPackageProductDependency section */
	};
	rootObject = 94A7B72E273D17AE00862DA1 /* Project object */;
}
