// !$*UTF8*$!
{
	archiveVersion = 1;
	classes = {
	};
	objectVersion = 55;
	objects = {

/* Begin PBXBuildFile section */
		709FB5EA275E434E00FE8349 /* ReplayKit.framework in Frameworks */ = {isa = PBXBuildFile; fileRef = 709FB5E9275E434E00FE8349 /* ReplayKit.framework */; };
		709FB5ED275E434E00FE8349 /* SampleHandler.swift in Sources */ = {isa = PBXBuildFile; fileRef = 709FB5EC275E434E00FE8349 /* SampleHandler.swift */; };
		709FB5F1275E434E00FE8349 /* BBBBroadcast.appex in Embed App Extensions */ = {isa = PBXBuildFile; fileRef = 709FB5E7275E434E00FE8349 /* BBBBroadcast.appex */; settings = {ATTRIBUTES = (RemoveHeadersOnCopy, ); }; };
		70A824182754E64600C65BC9 /* JavascriptData.swift in Sources */ = {isa = PBXBuildFile; fileRef = 70A824172754E64600C65BC9 /* JavascriptData.swift */; };
		70B32A692746C7E900BA40A7 /* WebRTC in Frameworks */ = {isa = PBXBuildFile; productRef = 70B32A682746C7E900BA40A7 /* WebRTC */; };
		70BFA3572747D58700AB858A /* String+.swift in Sources */ = {isa = PBXBuildFile; fileRef = 70BFA3562747D58700AB858A /* String+.swift */; };
		70E3CA5E2760CC8E00A7C0CC /* WebSocketProvider.swift in Sources */ = {isa = PBXBuildFile; fileRef = 702CB590274D0620005D3C17 /* WebSocketProvider.swift */; };
		70E3CA602760CC9C00A7C0CC /* NativeWebSocket.swift in Sources */ = {isa = PBXBuildFile; fileRef = 702CB58F274D0620005D3C17 /* NativeWebSocket.swift */; };
		70E3CA612760CCA100A7C0CC /* SignalingClient.swift in Sources */ = {isa = PBXBuildFile; fileRef = 702CB58B274D05E8005D3C17 /* SignalingClient.swift */; };
		70E3CA622760CCA600A7C0CC /* WebRTCClient.swift in Sources */ = {isa = PBXBuildFile; fileRef = 702CB58A274D05E8005D3C17 /* WebRTCClient.swift */; };
		70E3CA632760CCAA00A7C0CC /* RTCStates.swift in Sources */ = {isa = PBXBuildFile; fileRef = 702CB594274D06A7005D3C17 /* RTCStates.swift */; };
		70E3CA642760CCB500A7C0CC /* IceCandidate.swift in Sources */ = {isa = PBXBuildFile; fileRef = 702CB593274D06A7005D3C17 /* IceCandidate.swift */; };
		70E3CA652760CCBA00A7C0CC /* RemoteIceCandidate.swift in Sources */ = {isa = PBXBuildFile; fileRef = 70DD9C002759035E00B00EB7 /* RemoteIceCandidate.swift */; };
		70E3CA662760CCBF00A7C0CC /* SdpAnswer.swift in Sources */ = {isa = PBXBuildFile; fileRef = 70A8241B2754EC1800C65BC9 /* SdpAnswer.swift */; };
		70E3CA672760CD5500A7C0CC /* BBBURL.swift in Sources */ = {isa = PBXBuildFile; fileRef = 946C34D8273D2EFE002C0E2C /* BBBURL.swift */; };
		70E3CA682760CD9200A7C0CC /* JavascriptData.swift in Sources */ = {isa = PBXBuildFile; fileRef = 70A824172754E64600C65BC9 /* JavascriptData.swift */; };
		70E3CA692760CF1A00A7C0CC /* AppEnvironment.swift in Sources */ = {isa = PBXBuildFile; fileRef = 946C34DA273D42EB002C0E2C /* AppEnvironment.swift */; };
		70E3CA6A2760CF2900A7C0CC /* Constants.swift in Sources */ = {isa = PBXBuildFile; fileRef = 942077F2273E759300E6EEBB /* Constants.swift */; };
		942077F1273E722800E6EEBB /* ViewController+.swift in Sources */ = {isa = PBXBuildFile; fileRef = 942077F0273E722800E6EEBB /* ViewController+.swift */; };
		942077F3273E759300E6EEBB /* Constants.swift in Sources */ = {isa = PBXBuildFile; fileRef = 942077F2273E759300E6EEBB /* Constants.swift */; };
		946C34D9273D2EFE002C0E2C /* BBBURL.swift in Sources */ = {isa = PBXBuildFile; fileRef = 946C34D8273D2EFE002C0E2C /* BBBURL.swift */; };
		946C34DB273D42EB002C0E2C /* AppEnvironment.swift in Sources */ = {isa = PBXBuildFile; fileRef = 946C34DA273D42EB002C0E2C /* AppEnvironment.swift */; };
		948F507C2761EF9A0045BEED /* WebNavigationView.swift in Sources */ = {isa = PBXBuildFile; fileRef = 948F507B2761EF9A0045BEED /* WebNavigationView.swift */; };
		94A7B73A273D17AE00862DA1 /* AppDelegate.swift in Sources */ = {isa = PBXBuildFile; fileRef = 94A7B739273D17AE00862DA1 /* AppDelegate.swift */; };
		94A7B73E273D17AE00862DA1 /* WebViewController.swift in Sources */ = {isa = PBXBuildFile; fileRef = 94A7B73D273D17AE00862DA1 /* WebViewController.swift */; };
		94A7B743273D17B200862DA1 /* Assets.xcassets in Resources */ = {isa = PBXBuildFile; fileRef = 94A7B742273D17B200862DA1 /* Assets.xcassets */; };
		94A7B746273D17B200862DA1 /* LaunchScreen.storyboard in Resources */ = {isa = PBXBuildFile; fileRef = 94A7B744273D17B200862DA1 /* LaunchScreen.storyboard */; };
		94A7B751273D17B200862DA1 /* BigBlueButton_RLPTests.swift in Sources */ = {isa = PBXBuildFile; fileRef = 94A7B750273D17B200862DA1 /* BigBlueButton_RLPTests.swift */; };
		94F0DC5D276386B6000B2809 /* WKWebView+.swift in Sources */ = {isa = PBXBuildFile; fileRef = 94F0DC5C276386B6000B2809 /* WKWebView+.swift */; };
/* End PBXBuildFile section */

/* Begin PBXContainerItemProxy section */
		709FB5EF275E434E00FE8349 /* PBXContainerItemProxy */ = {
			isa = PBXContainerItemProxy;
			containerPortal = 94A7B72E273D17AE00862DA1 /* Project object */;
			proxyType = 1;
			remoteGlobalIDString = 709FB5E6275E434E00FE8349;
			remoteInfo = BBBBroadcast;
		};
		94A7B74D273D17B200862DA1 /* PBXContainerItemProxy */ = {
			isa = PBXContainerItemProxy;
			containerPortal = 94A7B72E273D17AE00862DA1 /* Project object */;
			proxyType = 1;
			remoteGlobalIDString = 94A7B735273D17AE00862DA1;
			remoteInfo = "BigBlueButton-RLP";
		};
/* End PBXContainerItemProxy section */

/* Begin PBXCopyFilesBuildPhase section */
		709FB5F2275E434E00FE8349 /* Embed App Extensions */ = {
			isa = PBXCopyFilesBuildPhase;
			buildActionMask = 2147483647;
			dstPath = "";
			dstSubfolderSpec = 13;
			files = (
				709FB5F1275E434E00FE8349 /* BBBBroadcast.appex in Embed App Extensions */,
			);
			name = "Embed App Extensions";
			runOnlyForDeploymentPostprocessing = 0;
		};
/* End PBXCopyFilesBuildPhase section */

/* Begin PBXFileReference section */
		702CB58A274D05E8005D3C17 /* WebRTCClient.swift */ = {isa = PBXFileReference; fileEncoding = 4; lastKnownFileType = sourcecode.swift; path = WebRTCClient.swift; sourceTree = "<group>"; };
		702CB58B274D05E8005D3C17 /* SignalingClient.swift */ = {isa = PBXFileReference; fileEncoding = 4; lastKnownFileType = sourcecode.swift; path = SignalingClient.swift; sourceTree = "<group>"; };
		702CB58F274D0620005D3C17 /* NativeWebSocket.swift */ = {isa = PBXFileReference; fileEncoding = 4; lastKnownFileType = sourcecode.swift; path = NativeWebSocket.swift; sourceTree = "<group>"; };
		702CB590274D0620005D3C17 /* WebSocketProvider.swift */ = {isa = PBXFileReference; fileEncoding = 4; lastKnownFileType = sourcecode.swift; path = WebSocketProvider.swift; sourceTree = "<group>"; };
		702CB593274D06A7005D3C17 /* IceCandidate.swift */ = {isa = PBXFileReference; fileEncoding = 4; lastKnownFileType = sourcecode.swift; path = IceCandidate.swift; sourceTree = "<group>"; };
		702CB594274D06A7005D3C17 /* RTCStates.swift */ = {isa = PBXFileReference; fileEncoding = 4; lastKnownFileType = sourcecode.swift; path = RTCStates.swift; sourceTree = "<group>"; };
		709FB5E7275E434E00FE8349 /* BBBBroadcast.appex */ = {isa = PBXFileReference; explicitFileType = "wrapper.app-extension"; includeInIndex = 0; path = BBBBroadcast.appex; sourceTree = BUILT_PRODUCTS_DIR; };
		709FB5E9275E434E00FE8349 /* ReplayKit.framework */ = {isa = PBXFileReference; lastKnownFileType = wrapper.framework; name = ReplayKit.framework; path = System/Library/Frameworks/ReplayKit.framework; sourceTree = SDKROOT; };
		709FB5EC275E434E00FE8349 /* SampleHandler.swift */ = {isa = PBXFileReference; lastKnownFileType = sourcecode.swift; path = SampleHandler.swift; sourceTree = "<group>"; };
		709FB5EE275E434E00FE8349 /* Info.plist */ = {isa = PBXFileReference; lastKnownFileType = text.plist.xml; path = Info.plist; sourceTree = "<group>"; };
		70A824172754E64600C65BC9 /* JavascriptData.swift */ = {isa = PBXFileReference; lastKnownFileType = sourcecode.swift; path = JavascriptData.swift; sourceTree = "<group>"; };
		70A8241B2754EC1800C65BC9 /* SdpAnswer.swift */ = {isa = PBXFileReference; lastKnownFileType = sourcecode.swift; path = SdpAnswer.swift; sourceTree = "<group>"; };
		70BFA3562747D58700AB858A /* String+.swift */ = {isa = PBXFileReference; lastKnownFileType = sourcecode.swift; path = "String+.swift"; sourceTree = "<group>"; };
		70DD9C002759035E00B00EB7 /* RemoteIceCandidate.swift */ = {isa = PBXFileReference; lastKnownFileType = sourcecode.swift; path = RemoteIceCandidate.swift; sourceTree = "<group>"; };
		70E3CA5B2760BBF700A7C0CC /* BBBBroadcast.entitlements */ = {isa = PBXFileReference; lastKnownFileType = text.plist.entitlements; path = BBBBroadcast.entitlements; sourceTree = "<group>"; };
		70E3CA5C2760BC3F00A7C0CC /* BBBBroadcastRelease.entitlements */ = {isa = PBXFileReference; lastKnownFileType = text.plist.entitlements; path = BBBBroadcastRelease.entitlements; sourceTree = "<group>"; };
		942077F0273E722800E6EEBB /* ViewController+.swift */ = {isa = PBXFileReference; lastKnownFileType = sourcecode.swift; path = "ViewController+.swift"; sourceTree = "<group>"; };
		942077F2273E759300E6EEBB /* Constants.swift */ = {isa = PBXFileReference; lastKnownFileType = sourcecode.swift; path = Constants.swift; sourceTree = "<group>"; };
		94576E262750E8960087A2E1 /* BigBlueButton-RLPRelease.entitlements */ = {isa = PBXFileReference; lastKnownFileType = text.plist.entitlements; path = "BigBlueButton-RLPRelease.entitlements"; sourceTree = "<group>"; };
		94576E272750E8CD0087A2E1 /* BigBlueButton-RLPDebug.entitlements */ = {isa = PBXFileReference; lastKnownFileType = text.plist.entitlements; path = "BigBlueButton-RLPDebug.entitlements"; sourceTree = "<group>"; };
		946C34D8273D2EFE002C0E2C /* BBBURL.swift */ = {isa = PBXFileReference; lastKnownFileType = sourcecode.swift; path = BBBURL.swift; sourceTree = "<group>"; };
		946C34DA273D42EB002C0E2C /* AppEnvironment.swift */ = {isa = PBXFileReference; lastKnownFileType = sourcecode.swift; path = AppEnvironment.swift; sourceTree = "<group>"; };
		948F507B2761EF9A0045BEED /* WebNavigationView.swift */ = {isa = PBXFileReference; lastKnownFileType = sourcecode.swift; path = WebNavigationView.swift; sourceTree = "<group>"; };
		94A7B736273D17AE00862DA1 /* BigBlueButton-RLP.app */ = {isa = PBXFileReference; explicitFileType = wrapper.application; includeInIndex = 0; path = "BigBlueButton-RLP.app"; sourceTree = BUILT_PRODUCTS_DIR; };
		94A7B739273D17AE00862DA1 /* AppDelegate.swift */ = {isa = PBXFileReference; lastKnownFileType = sourcecode.swift; path = AppDelegate.swift; sourceTree = "<group>"; };
		94A7B73D273D17AE00862DA1 /* WebViewController.swift */ = {isa = PBXFileReference; lastKnownFileType = sourcecode.swift; path = WebViewController.swift; sourceTree = "<group>"; };
		94A7B742273D17B200862DA1 /* Assets.xcassets */ = {isa = PBXFileReference; lastKnownFileType = folder.assetcatalog; path = Assets.xcassets; sourceTree = "<group>"; };
		94A7B745273D17B200862DA1 /* Base */ = {isa = PBXFileReference; lastKnownFileType = file.storyboard; name = Base; path = Base.lproj/LaunchScreen.storyboard; sourceTree = "<group>"; };
		94A7B747273D17B200862DA1 /* Info.plist */ = {isa = PBXFileReference; lastKnownFileType = text.plist.xml; path = Info.plist; sourceTree = "<group>"; };
		94A7B74C273D17B200862DA1 /* BigBlueButton-RLPTests.xctest */ = {isa = PBXFileReference; explicitFileType = wrapper.cfbundle; includeInIndex = 0; path = "BigBlueButton-RLPTests.xctest"; sourceTree = BUILT_PRODUCTS_DIR; };
		94A7B750273D17B200862DA1 /* BigBlueButton_RLPTests.swift */ = {isa = PBXFileReference; lastKnownFileType = sourcecode.swift; path = BigBlueButton_RLPTests.swift; sourceTree = "<group>"; };
		94F0DC5C276386B6000B2809 /* WKWebView+.swift */ = {isa = PBXFileReference; lastKnownFileType = sourcecode.swift; path = "WKWebView+.swift"; sourceTree = "<group>"; };
/* End PBXFileReference section */

/* Begin PBXFrameworksBuildPhase section */
		709FB5E4275E434E00FE8349 /* Frameworks */ = {
			isa = PBXFrameworksBuildPhase;
			buildActionMask = 2147483647;
			files = (
				709FB5EA275E434E00FE8349 /* ReplayKit.framework in Frameworks */,
			);
			runOnlyForDeploymentPostprocessing = 0;
		};
		94A7B733273D17AE00862DA1 /* Frameworks */ = {
			isa = PBXFrameworksBuildPhase;
			buildActionMask = 2147483647;
			files = (
				70B32A692746C7E900BA40A7 /* WebRTC in Frameworks */,
			);
			runOnlyForDeploymentPostprocessing = 0;
		};
		94A7B749273D17B200862DA1 /* Frameworks */ = {
			isa = PBXFrameworksBuildPhase;
			buildActionMask = 2147483647;
			files = (
			);
			runOnlyForDeploymentPostprocessing = 0;
		};
/* End PBXFrameworksBuildPhase section */

/* Begin PBXGroup section */
		702CB588274D0591005D3C17 /* Services */ = {
			isa = PBXGroup;
			children = (
				702CB590274D0620005D3C17 /* WebSocketProvider.swift */,
				702CB58F274D0620005D3C17 /* NativeWebSocket.swift */,
				702CB58B274D05E8005D3C17 /* SignalingClient.swift */,
				702CB58A274D05E8005D3C17 /* WebRTCClient.swift */,
			);
			path = Services;
			sourceTree = "<group>";
		};
		702CB599274D074E005D3C17 /* Model */ = {
			isa = PBXGroup;
			children = (
				70A824172754E64600C65BC9 /* JavascriptData.swift */,
			);
			path = Model;
			sourceTree = "<group>";
		};
		709FB5E8275E434E00FE8349 /* Frameworks */ = {
			isa = PBXGroup;
			children = (
				709FB5E9275E434E00FE8349 /* ReplayKit.framework */,
			);
			name = Frameworks;
			sourceTree = "<group>";
		};
		709FB5EB275E434E00FE8349 /* BBBBroadcast */ = {
			isa = PBXGroup;
			children = (
				70E3CA5C2760BC3F00A7C0CC /* BBBBroadcastRelease.entitlements */,
				70E3CA5B2760BBF700A7C0CC /* BBBBroadcast.entitlements */,
				709FB5EC275E434E00FE8349 /* SampleHandler.swift */,
				702CB588274D0591005D3C17 /* Services */,
				70E3CA5D2760CAD200A7C0CC /* Model */,
				709FB5EE275E434E00FE8349 /* Info.plist */,
			);
			path = BBBBroadcast;
			sourceTree = "<group>";
		};
		70E3CA5D2760CAD200A7C0CC /* Model */ = {
			isa = PBXGroup;
			children = (
				702CB594274D06A7005D3C17 /* RTCStates.swift */,
				702CB593274D06A7005D3C17 /* IceCandidate.swift */,
				70DD9C002759035E00B00EB7 /* RemoteIceCandidate.swift */,
				70A8241B2754EC1800C65BC9 /* SdpAnswer.swift */,
			);
			path = Model;
			sourceTree = "<group>";
		};
		946C34CF273D1DB8002C0E2C /* Scenes */ = {
			isa = PBXGroup;
			children = (
				94A7B73D273D17AE00862DA1 /* WebViewController.swift */,
			);
			path = Scenes;
			sourceTree = "<group>";
		};
		946C34D1273D1DF0002C0E2C /* Extensions */ = {
			isa = PBXGroup;
			children = (
				942077F0273E722800E6EEBB /* ViewController+.swift */,
				70BFA3562747D58700AB858A /* String+.swift */,
				94F0DC5C276386B6000B2809 /* WKWebView+.swift */,
			);
			path = Extensions;
			sourceTree = "<group>";
		};
		946C34D3273D1E39002C0E2C /* Resources */ = {
			isa = PBXGroup;
			children = (
				94A7B742273D17B200862DA1 /* Assets.xcassets */,
			);
			path = Resources;
			sourceTree = "<group>";
		};
		946C34D5273D1EAB002C0E2C /* Utilities */ = {
			isa = PBXGroup;
			children = (
				946C34DA273D42EB002C0E2C /* AppEnvironment.swift */,
			);
			path = Utilities;
			sourceTree = "<group>";
		};
		946C34D6273D1EC4002C0E2C /* SupportingFiles */ = {
			isa = PBXGroup;
			children = (
				94A7B744273D17B200862DA1 /* LaunchScreen.storyboard */,
			);
			path = SupportingFiles;
			sourceTree = "<group>";
		};
		946C34D7273D1EF3002C0E2C /* Constants */ = {
			isa = PBXGroup;
			children = (
				946C34D8273D2EFE002C0E2C /* BBBURL.swift */,
				942077F2273E759300E6EEBB /* Constants.swift */,
			);
			path = Constants;
			sourceTree = "<group>";
		};
		948F507A2761EF660045BEED /* View */ = {
			isa = PBXGroup;
			children = (
				948F507B2761EF9A0045BEED /* WebNavigationView.swift */,
			);
			path = View;
			sourceTree = "<group>";
		};
		94A7B72D273D17AE00862DA1 = {
			isa = PBXGroup;
			children = (
				94A7B738273D17AE00862DA1 /* BigBlueButton-RLP */,
				709FB5EB275E434E00FE8349 /* BBBBroadcast */,
				709FB5E8275E434E00FE8349 /* Frameworks */,
				94A7B74F273D17B200862DA1 /* BigBlueButton-RLPTests */,
				94A7B737273D17AE00862DA1 /* Products */,
			);
			sourceTree = "<group>";
		};
		94A7B737273D17AE00862DA1 /* Products */ = {
			isa = PBXGroup;
			children = (
				94A7B736273D17AE00862DA1 /* BigBlueButton-RLP.app */,
				94A7B74C273D17B200862DA1 /* BigBlueButton-RLPTests.xctest */,
				709FB5E7275E434E00FE8349 /* BBBBroadcast.appex */,
			);
			name = Products;
			sourceTree = "<group>";
		};
		94A7B738273D17AE00862DA1 /* BigBlueButton-RLP */ = {
			isa = PBXGroup;
			children = (
				94576E272750E8CD0087A2E1 /* BigBlueButton-RLPDebug.entitlements */,
				94576E262750E8960087A2E1 /* BigBlueButton-RLPRelease.entitlements */,
				94A7B739273D17AE00862DA1 /* AppDelegate.swift */,
				946C34CF273D1DB8002C0E2C /* Scenes */,
				948F507A2761EF660045BEED /* View */,
				702CB599274D074E005D3C17 /* Model */,
				946C34D5273D1EAB002C0E2C /* Utilities */,
				946C34D7273D1EF3002C0E2C /* Constants */,
				946C34D1273D1DF0002C0E2C /* Extensions */,
				946C34D3273D1E39002C0E2C /* Resources */,
				946C34D6273D1EC4002C0E2C /* SupportingFiles */,
				94A7B747273D17B200862DA1 /* Info.plist */,
			);
			path = "BigBlueButton-RLP";
			sourceTree = "<group>";
		};
		94A7B74F273D17B200862DA1 /* BigBlueButton-RLPTests */ = {
			isa = PBXGroup;
			children = (
				94A7B750273D17B200862DA1 /* BigBlueButton_RLPTests.swift */,
			);
			path = "BigBlueButton-RLPTests";
			sourceTree = "<group>";
		};
/* End PBXGroup section */

/* Begin PBXNativeTarget section */
		709FB5E6275E434E00FE8349 /* BBBBroadcast */ = {
			isa = PBXNativeTarget;
			buildConfigurationList = 709FB5F5275E434E00FE8349 /* Build configuration list for PBXNativeTarget "BBBBroadcast" */;
			buildPhases = (
				709FB5E3275E434E00FE8349 /* Sources */,
				709FB5E4275E434E00FE8349 /* Frameworks */,
				709FB5E5275E434E00FE8349 /* Resources */,
			);
			buildRules = (
			);
			dependencies = (
			);
			name = BBBBroadcast;
			productName = BBBBroadcast;
			productReference = 709FB5E7275E434E00FE8349 /* BBBBroadcast.appex */;
			productType = "com.apple.product-type.app-extension";
		};
		94A7B735273D17AE00862DA1 /* BigBlueButton-RLP */ = {
			isa = PBXNativeTarget;
			buildConfigurationList = 94A7B760273D17B300862DA1 /* Build configuration list for PBXNativeTarget "BigBlueButton-RLP" */;
			buildPhases = (
				94A7B732273D17AE00862DA1 /* Sources */,
				94A7B733273D17AE00862DA1 /* Frameworks */,
				94A7B734273D17AE00862DA1 /* Resources */,
				709FB5F2275E434E00FE8349 /* Embed App Extensions */,
			);
			buildRules = (
			);
			dependencies = (
				709FB5F0275E434E00FE8349 /* PBXTargetDependency */,
			);
			name = "BigBlueButton-RLP";
			packageProductDependencies = (
				70B32A682746C7E900BA40A7 /* WebRTC */,
			);
			productName = "BigBlueButton-RLP";
			productReference = 94A7B736273D17AE00862DA1 /* BigBlueButton-RLP.app */;
			productType = "com.apple.product-type.application";
		};
		94A7B74B273D17B200862DA1 /* BigBlueButton-RLPTests */ = {
			isa = PBXNativeTarget;
			buildConfigurationList = 94A7B763273D17B300862DA1 /* Build configuration list for PBXNativeTarget "BigBlueButton-RLPTests" */;
			buildPhases = (
				94A7B748273D17B200862DA1 /* Sources */,
				94A7B749273D17B200862DA1 /* Frameworks */,
				94A7B74A273D17B200862DA1 /* Resources */,
			);
			buildRules = (
			);
			dependencies = (
				94A7B74E273D17B200862DA1 /* PBXTargetDependency */,
			);
			name = "BigBlueButton-RLPTests";
			productName = "BigBlueButton-RLPTests";
			productReference = 94A7B74C273D17B200862DA1 /* BigBlueButton-RLPTests.xctest */;
			productType = "com.apple.product-type.bundle.unit-test";
		};
/* End PBXNativeTarget section */

/* Begin PBXProject section */
		94A7B72E273D17AE00862DA1 /* Project object */ = {
			isa = PBXProject;
			attributes = {
				BuildIndependentTargetsInParallel = 1;
				LastSwiftUpdateCheck = 1310;
				LastUpgradeCheck = 1310;
				TargetAttributes = {
					709FB5E6275E434E00FE8349 = {
						CreatedOnToolsVersion = 13.1;
					};
					94A7B735273D17AE00862DA1 = {
						CreatedOnToolsVersion = 13.1;
					};
					94A7B74B273D17B200862DA1 = {
						CreatedOnToolsVersion = 13.1;
						TestTargetID = 94A7B735273D17AE00862DA1;
					};
				};
			};
			buildConfigurationList = 94A7B731273D17AE00862DA1 /* Build configuration list for PBXProject "BigBlueButton-RLP" */;
			compatibilityVersion = "Xcode 13.0";
			developmentRegion = en;
			hasScannedForEncodings = 0;
			knownRegions = (
				en,
				Base,
			);
			mainGroup = 94A7B72D273D17AE00862DA1;
			packageReferences = (
				70B32A672746C7E900BA40A7 /* XCRemoteSwiftPackageReference "WebRTC" */,
			);
			productRefGroup = 94A7B737273D17AE00862DA1 /* Products */;
			projectDirPath = "";
			projectRoot = "";
			targets = (
				94A7B735273D17AE00862DA1 /* BigBlueButton-RLP */,
				94A7B74B273D17B200862DA1 /* BigBlueButton-RLPTests */,
				709FB5E6275E434E00FE8349 /* BBBBroadcast */,
			);
		};
/* End PBXProject section */

/* Begin PBXResourcesBuildPhase section */
		709FB5E5275E434E00FE8349 /* Resources */ = {
			isa = PBXResourcesBuildPhase;
			buildActionMask = 2147483647;
			files = (
			);
			runOnlyForDeploymentPostprocessing = 0;
		};
		94A7B734273D17AE00862DA1 /* Resources */ = {
			isa = PBXResourcesBuildPhase;
			buildActionMask = 2147483647;
			files = (
				94A7B746273D17B200862DA1 /* LaunchScreen.storyboard in Resources */,
				94A7B743273D17B200862DA1 /* Assets.xcassets in Resources */,
			);
			runOnlyForDeploymentPostprocessing = 0;
		};
		94A7B74A273D17B200862DA1 /* Resources */ = {
			isa = PBXResourcesBuildPhase;
			buildActionMask = 2147483647;
			files = (
			);
			runOnlyForDeploymentPostprocessing = 0;
		};
/* End PBXResourcesBuildPhase section */

/* Begin PBXSourcesBuildPhase section */
		709FB5E3275E434E00FE8349 /* Sources */ = {
			isa = PBXSourcesBuildPhase;
			buildActionMask = 2147483647;
			files = (
				70E3CA682760CD9200A7C0CC /* JavascriptData.swift in Sources */,
				70E3CA612760CCA100A7C0CC /* SignalingClient.swift in Sources */,
				70E3CA5E2760CC8E00A7C0CC /* WebSocketProvider.swift in Sources */,
				709FB5ED275E434E00FE8349 /* SampleHandler.swift in Sources */,
				70E3CA642760CCB500A7C0CC /* IceCandidate.swift in Sources */,
				70E3CA672760CD5500A7C0CC /* BBBURL.swift in Sources */,
				70E3CA602760CC9C00A7C0CC /* NativeWebSocket.swift in Sources */,
				70E3CA652760CCBA00A7C0CC /* RemoteIceCandidate.swift in Sources */,
				70E3CA692760CF1A00A7C0CC /* AppEnvironment.swift in Sources */,
				70E3CA632760CCAA00A7C0CC /* RTCStates.swift in Sources */,
				70E3CA6A2760CF2900A7C0CC /* Constants.swift in Sources */,
				70E3CA622760CCA600A7C0CC /* WebRTCClient.swift in Sources */,
				70E3CA662760CCBF00A7C0CC /* SdpAnswer.swift in Sources */,
			);
			runOnlyForDeploymentPostprocessing = 0;
		};
		94A7B732273D17AE00862DA1 /* Sources */ = {
			isa = PBXSourcesBuildPhase;
			buildActionMask = 2147483647;
			files = (
				942077F3273E759300E6EEBB /* Constants.swift in Sources */,
				70A824182754E64600C65BC9 /* JavascriptData.swift in Sources */,
				948F507C2761EF9A0045BEED /* WebNavigationView.swift in Sources */,
				94F0DC5D276386B6000B2809 /* WKWebView+.swift in Sources */,
				946C34DB273D42EB002C0E2C /* AppEnvironment.swift in Sources */,
				70BFA3572747D58700AB858A /* String+.swift in Sources */,
				946C34D9273D2EFE002C0E2C /* BBBURL.swift in Sources */,
				94A7B73E273D17AE00862DA1 /* WebViewController.swift in Sources */,
				94A7B73A273D17AE00862DA1 /* AppDelegate.swift in Sources */,
				942077F1273E722800E6EEBB /* ViewController+.swift in Sources */,
			);
			runOnlyForDeploymentPostprocessing = 0;
		};
		94A7B748273D17B200862DA1 /* Sources */ = {
			isa = PBXSourcesBuildPhase;
			buildActionMask = 2147483647;
			files = (
				94A7B751273D17B200862DA1 /* BigBlueButton_RLPTests.swift in Sources */,
			);
			runOnlyForDeploymentPostprocessing = 0;
		};
/* End PBXSourcesBuildPhase section */

/* Begin PBXTargetDependency section */
		709FB5F0275E434E00FE8349 /* PBXTargetDependency */ = {
			isa = PBXTargetDependency;
			target = 709FB5E6275E434E00FE8349 /* BBBBroadcast */;
			targetProxy = 709FB5EF275E434E00FE8349 /* PBXContainerItemProxy */;
		};
		94A7B74E273D17B200862DA1 /* PBXTargetDependency */ = {
			isa = PBXTargetDependency;
			target = 94A7B735273D17AE00862DA1 /* BigBlueButton-RLP */;
			targetProxy = 94A7B74D273D17B200862DA1 /* PBXContainerItemProxy */;
		};
/* End PBXTargetDependency section */

/* Begin PBXVariantGroup section */
		94A7B744273D17B200862DA1 /* LaunchScreen.storyboard */ = {
			isa = PBXVariantGroup;
			children = (
				94A7B745273D17B200862DA1 /* Base */,
			);
			name = LaunchScreen.storyboard;
			sourceTree = "<group>";
		};
/* End PBXVariantGroup section */

/* Begin XCBuildConfiguration section */
		709FB5F3275E434E00FE8349 /* Debug */ = {
			isa = XCBuildConfiguration;
			buildSettings = {
				CODE_SIGN_ENTITLEMENTS = BBBBroadcast/BBBBroadcast.entitlements;
				CODE_SIGN_STYLE = Automatic;
				CURRENT_PROJECT_VERSION = 1;
				DEVELOPMENT_TEAM = M6T2825W2N;
				GENERATE_INFOPLIST_FILE = YES;
				INFOPLIST_FILE = BBBBroadcast/Info.plist;
				INFOPLIST_KEY_CFBundleDisplayName = BBBBroadcast;
				INFOPLIST_KEY_NSHumanReadableCopyright = "";
				IPHONEOS_DEPLOYMENT_TARGET = 15.0;
				LD_RUNPATH_SEARCH_PATHS = (
					"$(inherited)",
					"@executable_path/Frameworks",
					"@executable_path/../../Frameworks",
				);
				MARKETING_VERSION = 1.0;
				PRODUCT_BUNDLE_IDENTIFIER = com.zuehlke.bbb.BBBBroadcast;
				PRODUCT_NAME = "$(TARGET_NAME)";
				SKIP_INSTALL = YES;
				SWIFT_EMIT_LOC_STRINGS = YES;
				SWIFT_VERSION = 5.0;
				TARGETED_DEVICE_FAMILY = "1,2";
			};
			name = Debug;
		};
		709FB5F4275E434E00FE8349 /* Release */ = {
			isa = XCBuildConfiguration;
			buildSettings = {
				CODE_SIGN_ENTITLEMENTS = BBBBroadcast/BBBBroadcastRelease.entitlements;
				CODE_SIGN_STYLE = Automatic;
				CURRENT_PROJECT_VERSION = 1;
				DEVELOPMENT_TEAM = M6T2825W2N;
				GENERATE_INFOPLIST_FILE = YES;
				INFOPLIST_FILE = BBBBroadcast/Info.plist;
				INFOPLIST_KEY_CFBundleDisplayName = BBBBroadcast;
				INFOPLIST_KEY_NSHumanReadableCopyright = "";
				IPHONEOS_DEPLOYMENT_TARGET = 15.0;
				LD_RUNPATH_SEARCH_PATHS = (
					"$(inherited)",
					"@executable_path/Frameworks",
					"@executable_path/../../Frameworks",
				);
				MARKETING_VERSION = 1.0;
				PRODUCT_BUNDLE_IDENTIFIER = com.zuehlke.bbb.BBBBroadcast;
				PRODUCT_NAME = "$(TARGET_NAME)";
				SKIP_INSTALL = YES;
				SWIFT_EMIT_LOC_STRINGS = YES;
				SWIFT_VERSION = 5.0;
				TARGETED_DEVICE_FAMILY = "1,2";
			};
			name = Release;
		};
		94A7B75E273D17B300862DA1 /* Debug */ = {
			isa = XCBuildConfiguration;
			buildSettings = {
				ALWAYS_SEARCH_USER_PATHS = NO;
				CLANG_ANALYZER_NONNULL = YES;
				CLANG_ANALYZER_NUMBER_OBJECT_CONVERSION = YES_AGGRESSIVE;
				CLANG_CXX_LANGUAGE_STANDARD = "gnu++17";
				CLANG_CXX_LIBRARY = "libc++";
				CLANG_ENABLE_MODULES = YES;
				CLANG_ENABLE_OBJC_ARC = YES;
				CLANG_ENABLE_OBJC_WEAK = YES;
				CLANG_WARN_BLOCK_CAPTURE_AUTORELEASING = YES;
				CLANG_WARN_BOOL_CONVERSION = YES;
				CLANG_WARN_COMMA = YES;
				CLANG_WARN_CONSTANT_CONVERSION = YES;
				CLANG_WARN_DEPRECATED_OBJC_IMPLEMENTATIONS = YES;
				CLANG_WARN_DIRECT_OBJC_ISA_USAGE = YES_ERROR;
				CLANG_WARN_DOCUMENTATION_COMMENTS = YES;
				CLANG_WARN_EMPTY_BODY = YES;
				CLANG_WARN_ENUM_CONVERSION = YES;
				CLANG_WARN_INFINITE_RECURSION = YES;
				CLANG_WARN_INT_CONVERSION = YES;
				CLANG_WARN_NON_LITERAL_NULL_CONVERSION = YES;
				CLANG_WARN_OBJC_IMPLICIT_RETAIN_SELF = YES;
				CLANG_WARN_OBJC_LITERAL_CONVERSION = YES;
				CLANG_WARN_OBJC_ROOT_CLASS = YES_ERROR;
				CLANG_WARN_QUOTED_INCLUDE_IN_FRAMEWORK_HEADER = YES;
				CLANG_WARN_RANGE_LOOP_ANALYSIS = YES;
				CLANG_WARN_STRICT_PROTOTYPES = YES;
				CLANG_WARN_SUSPICIOUS_MOVE = YES;
				CLANG_WARN_UNGUARDED_AVAILABILITY = YES_AGGRESSIVE;
				CLANG_WARN_UNREACHABLE_CODE = YES;
				CLANG_WARN__DUPLICATE_METHOD_MATCH = YES;
				COPY_PHASE_STRIP = NO;
				DEBUG_INFORMATION_FORMAT = dwarf;
				ENABLE_STRICT_OBJC_MSGSEND = YES;
				ENABLE_TESTABILITY = YES;
				GCC_C_LANGUAGE_STANDARD = gnu11;
				GCC_DYNAMIC_NO_PIC = NO;
				GCC_NO_COMMON_BLOCKS = YES;
				GCC_OPTIMIZATION_LEVEL = 0;
				GCC_PREPROCESSOR_DEFINITIONS = (
					"DEBUG=1",
					"$(inherited)",
				);
				GCC_WARN_64_TO_32_BIT_CONVERSION = YES;
				GCC_WARN_ABOUT_RETURN_TYPE = YES_ERROR;
				GCC_WARN_UNDECLARED_SELECTOR = YES;
				GCC_WARN_UNINITIALIZED_AUTOS = YES_AGGRESSIVE;
				GCC_WARN_UNUSED_FUNCTION = YES;
				GCC_WARN_UNUSED_VARIABLE = YES;
				IPHONEOS_DEPLOYMENT_TARGET = 13.0;
				MTL_ENABLE_DEBUG_INFO = INCLUDE_SOURCE;
				MTL_FAST_MATH = YES;
				ONLY_ACTIVE_ARCH = YES;
				SDKROOT = iphoneos;
				SWIFT_ACTIVE_COMPILATION_CONDITIONS = DEBUG;
				SWIFT_OPTIMIZATION_LEVEL = "-Onone";
			};
			name = Debug;
		};
		94A7B75F273D17B300862DA1 /* Release */ = {
			isa = XCBuildConfiguration;
			buildSettings = {
				ALWAYS_SEARCH_USER_PATHS = NO;
				CLANG_ANALYZER_NONNULL = YES;
				CLANG_ANALYZER_NUMBER_OBJECT_CONVERSION = YES_AGGRESSIVE;
				CLANG_CXX_LANGUAGE_STANDARD = "gnu++17";
				CLANG_CXX_LIBRARY = "libc++";
				CLANG_ENABLE_MODULES = YES;
				CLANG_ENABLE_OBJC_ARC = YES;
				CLANG_ENABLE_OBJC_WEAK = YES;
				CLANG_WARN_BLOCK_CAPTURE_AUTORELEASING = YES;
				CLANG_WARN_BOOL_CONVERSION = YES;
				CLANG_WARN_COMMA = YES;
				CLANG_WARN_CONSTANT_CONVERSION = YES;
				CLANG_WARN_DEPRECATED_OBJC_IMPLEMENTATIONS = YES;
				CLANG_WARN_DIRECT_OBJC_ISA_USAGE = YES_ERROR;
				CLANG_WARN_DOCUMENTATION_COMMENTS = YES;
				CLANG_WARN_EMPTY_BODY = YES;
				CLANG_WARN_ENUM_CONVERSION = YES;
				CLANG_WARN_INFINITE_RECURSION = YES;
				CLANG_WARN_INT_CONVERSION = YES;
				CLANG_WARN_NON_LITERAL_NULL_CONVERSION = YES;
				CLANG_WARN_OBJC_IMPLICIT_RETAIN_SELF = YES;
				CLANG_WARN_OBJC_LITERAL_CONVERSION = YES;
				CLANG_WARN_OBJC_ROOT_CLASS = YES_ERROR;
				CLANG_WARN_QUOTED_INCLUDE_IN_FRAMEWORK_HEADER = YES;
				CLANG_WARN_RANGE_LOOP_ANALYSIS = YES;
				CLANG_WARN_STRICT_PROTOTYPES = YES;
				CLANG_WARN_SUSPICIOUS_MOVE = YES;
				CLANG_WARN_UNGUARDED_AVAILABILITY = YES_AGGRESSIVE;
				CLANG_WARN_UNREACHABLE_CODE = YES;
				CLANG_WARN__DUPLICATE_METHOD_MATCH = YES;
				COPY_PHASE_STRIP = NO;
				DEBUG_INFORMATION_FORMAT = "dwarf-with-dsym";
				ENABLE_NS_ASSERTIONS = NO;
				ENABLE_STRICT_OBJC_MSGSEND = YES;
				GCC_C_LANGUAGE_STANDARD = gnu11;
				GCC_NO_COMMON_BLOCKS = YES;
				GCC_WARN_64_TO_32_BIT_CONVERSION = YES;
				GCC_WARN_ABOUT_RETURN_TYPE = YES_ERROR;
				GCC_WARN_UNDECLARED_SELECTOR = YES;
				GCC_WARN_UNINITIALIZED_AUTOS = YES_AGGRESSIVE;
				GCC_WARN_UNUSED_FUNCTION = YES;
				GCC_WARN_UNUSED_VARIABLE = YES;
				IPHONEOS_DEPLOYMENT_TARGET = 13.0;
				MTL_ENABLE_DEBUG_INFO = NO;
				MTL_FAST_MATH = YES;
				SDKROOT = iphoneos;
				SWIFT_COMPILATION_MODE = wholemodule;
				SWIFT_OPTIMIZATION_LEVEL = "-O";
				VALIDATE_PRODUCT = YES;
			};
			name = Release;
		};
		94A7B761273D17B300862DA1 /* Debug */ = {
			isa = XCBuildConfiguration;
			buildSettings = {
				ALWAYS_EMBED_SWIFT_STANDARD_LIBRARIES = YES;
				ASSETCATALOG_COMPILER_APPICON_NAME = AppIcon;
				ASSETCATALOG_COMPILER_GLOBAL_ACCENT_COLOR_NAME = AccentColor;
				CODE_SIGN_ENTITLEMENTS = "BigBlueButton-RLP/BigBlueButton-RLPDebug.entitlements";
				CODE_SIGN_STYLE = Automatic;
				CURRENT_PROJECT_VERSION = 1;
				DEVELOPMENT_TEAM = M6T2825W2N;
				GENERATE_INFOPLIST_FILE = YES;
				INFOPLIST_FILE = "BigBlueButton-RLP/Info.plist";
				INFOPLIST_KEY_UIApplicationSupportsIndirectInputEvents = YES;
				INFOPLIST_KEY_UILaunchStoryboardName = LaunchScreen;
				INFOPLIST_KEY_UISupportedInterfaceOrientations_iPad = "UIInterfaceOrientationPortrait UIInterfaceOrientationPortraitUpsideDown UIInterfaceOrientationLandscapeLeft UIInterfaceOrientationLandscapeRight";
				INFOPLIST_KEY_UISupportedInterfaceOrientations_iPhone = "UIInterfaceOrientationPortrait UIInterfaceOrientationLandscapeLeft UIInterfaceOrientationLandscapeRight";
				LD_RUNPATH_SEARCH_PATHS = (
					"$(inherited)",
					"@executable_path/Frameworks",
				);
				MARKETING_VERSION = 1.0;
				PRODUCT_BUNDLE_IDENTIFIER = com.zuehlke.bbb;
				PRODUCT_NAME = "$(TARGET_NAME)";
				SWIFT_EMIT_LOC_STRINGS = YES;
				SWIFT_VERSION = 5.0;
				TARGETED_DEVICE_FAMILY = "1,2";
			};
			name = Debug;
		};
		94A7B762273D17B300862DA1 /* Release */ = {
			isa = XCBuildConfiguration;
			buildSettings = {
				ALWAYS_EMBED_SWIFT_STANDARD_LIBRARIES = YES;
				ASSETCATALOG_COMPILER_APPICON_NAME = AppIcon;
				ASSETCATALOG_COMPILER_GLOBAL_ACCENT_COLOR_NAME = AccentColor;
				CODE_SIGN_ENTITLEMENTS = "BigBlueButton-RLP/BigBlueButton-RLPRelease.entitlements";
				CODE_SIGN_STYLE = Automatic;
				CURRENT_PROJECT_VERSION = 1;
				DEVELOPMENT_TEAM = M6T2825W2N;
				GENERATE_INFOPLIST_FILE = YES;
				INFOPLIST_FILE = "BigBlueButton-RLP/Info.plist";
				INFOPLIST_KEY_UIApplicationSupportsIndirectInputEvents = YES;
				INFOPLIST_KEY_UILaunchStoryboardName = LaunchScreen;
				INFOPLIST_KEY_UISupportedInterfaceOrientations_iPad = "UIInterfaceOrientationPortrait UIInterfaceOrientationPortraitUpsideDown UIInterfaceOrientationLandscapeLeft UIInterfaceOrientationLandscapeRight";
				INFOPLIST_KEY_UISupportedInterfaceOrientations_iPhone = "UIInterfaceOrientationPortrait UIInterfaceOrientationLandscapeLeft UIInterfaceOrientationLandscapeRight";
				LD_RUNPATH_SEARCH_PATHS = (
					"$(inherited)",
					"@executable_path/Frameworks",
				);
				MARKETING_VERSION = 1.0;
				PRODUCT_BUNDLE_IDENTIFIER = com.zuehlke.bbb;
				PRODUCT_NAME = "$(TARGET_NAME)";
				SWIFT_EMIT_LOC_STRINGS = YES;
				SWIFT_VERSION = 5.0;
				TARGETED_DEVICE_FAMILY = "1,2";
			};
			name = Release;
		};
		94A7B764273D17B300862DA1 /* Debug */ = {
			isa = XCBuildConfiguration;
			buildSettings = {
				ALWAYS_EMBED_SWIFT_STANDARD_LIBRARIES = YES;
				BUNDLE_LOADER = "$(TEST_HOST)";
				CODE_SIGN_STYLE = Automatic;
				CURRENT_PROJECT_VERSION = 1;
				DEVELOPMENT_TEAM = M6T2825W2N;
				GENERATE_INFOPLIST_FILE = YES;
				IPHONEOS_DEPLOYMENT_TARGET = 15.0;
				LD_RUNPATH_SEARCH_PATHS = (
					"$(inherited)",
					"@executable_path/Frameworks",
					"@loader_path/Frameworks",
				);
				MARKETING_VERSION = 1.0;
				PRODUCT_BUNDLE_IDENTIFIER = "com.zuehlke.bbb.BigBlueButton-RLPTests";
				PRODUCT_NAME = "$(TARGET_NAME)";
				SWIFT_EMIT_LOC_STRINGS = NO;
				SWIFT_VERSION = 5.0;
				TARGETED_DEVICE_FAMILY = "1,2";
				TEST_HOST = "$(BUILT_PRODUCTS_DIR)/BigBlueButton-RLP.app/BigBlueButton-RLP";
			};
			name = Debug;
		};
		94A7B765273D17B300862DA1 /* Release */ = {
			isa = XCBuildConfiguration;
			buildSettings = {
				ALWAYS_EMBED_SWIFT_STANDARD_LIBRARIES = YES;
				BUNDLE_LOADER = "$(TEST_HOST)";
				CODE_SIGN_STYLE = Automatic;
				CURRENT_PROJECT_VERSION = 1;
				DEVELOPMENT_TEAM = M6T2825W2N;
				GENERATE_INFOPLIST_FILE = YES;
				IPHONEOS_DEPLOYMENT_TARGET = 15.0;
				LD_RUNPATH_SEARCH_PATHS = (
					"$(inherited)",
					"@executable_path/Frameworks",
					"@loader_path/Frameworks",
				);
				MARKETING_VERSION = 1.0;
				PRODUCT_BUNDLE_IDENTIFIER = "com.zuehlke.bbb.BigBlueButton-RLPTests";
				PRODUCT_NAME = "$(TARGET_NAME)";
				SWIFT_EMIT_LOC_STRINGS = NO;
				SWIFT_VERSION = 5.0;
				TARGETED_DEVICE_FAMILY = "1,2";
				TEST_HOST = "$(BUILT_PRODUCTS_DIR)/BigBlueButton-RLP.app/BigBlueButton-RLP";
			};
			name = Release;
		};
/* End XCBuildConfiguration section */

/* Begin XCConfigurationList section */
		709FB5F5275E434E00FE8349 /* Build configuration list for PBXNativeTarget "BBBBroadcast" */ = {
			isa = XCConfigurationList;
			buildConfigurations = (
				709FB5F3275E434E00FE8349 /* Debug */,
				709FB5F4275E434E00FE8349 /* Release */,
			);
			defaultConfigurationIsVisible = 0;
			defaultConfigurationName = Release;
		};
		94A7B731273D17AE00862DA1 /* Build configuration list for PBXProject "BigBlueButton-RLP" */ = {
			isa = XCConfigurationList;
			buildConfigurations = (
				94A7B75E273D17B300862DA1 /* Debug */,
				94A7B75F273D17B300862DA1 /* Release */,
			);
			defaultConfigurationIsVisible = 0;
			defaultConfigurationName = Release;
		};
		94A7B760273D17B300862DA1 /* Build configuration list for PBXNativeTarget "BigBlueButton-RLP" */ = {
			isa = XCConfigurationList;
			buildConfigurations = (
				94A7B761273D17B300862DA1 /* Debug */,
				94A7B762273D17B300862DA1 /* Release */,
			);
			defaultConfigurationIsVisible = 0;
			defaultConfigurationName = Release;
		};
		94A7B763273D17B300862DA1 /* Build configuration list for PBXNativeTarget "BigBlueButton-RLPTests" */ = {
			isa = XCConfigurationList;
			buildConfigurations = (
				94A7B764273D17B300862DA1 /* Debug */,
				94A7B765273D17B300862DA1 /* Release */,
			);
			defaultConfigurationIsVisible = 0;
			defaultConfigurationName = Release;
		};
/* End XCConfigurationList section */

/* Begin XCRemoteSwiftPackageReference section */
		70B32A672746C7E900BA40A7 /* XCRemoteSwiftPackageReference "WebRTC" */ = {
			isa = XCRemoteSwiftPackageReference;
			repositoryURL = "https://github.com/stasel/WebRTC";
			requirement = {
				kind = upToNextMajorVersion;
				minimumVersion = 95.0.0;
			};
		};
/* End XCRemoteSwiftPackageReference section */

/* Begin XCSwiftPackageProductDependency section */
		70B32A682746C7E900BA40A7 /* WebRTC */ = {
			isa = XCSwiftPackageProductDependency;
			package = 70B32A672746C7E900BA40A7 /* XCRemoteSwiftPackageReference "WebRTC" */;
			productName = WebRTC;
		};
/* End XCSwiftPackageProductDependency section */
	};
	rootObject = 94A7B72E273D17AE00862DA1 /* Project object */;
}
