{
  "object": {
    "pins": [
      {
        "package": "WebRTC",
        "repositoryURL": "https://github.com/stasel/WebRTC",
        "state": {
          "branch": null,
          "revision": "8409833ce91940cc18cad40fd9041b1e85cda5c9",
          "version": "95.0.0"
        }
      }
    ]
  },
  "version": 1
}
