{
  "object": {
    "pins": [
      {
        "package": "WebRTC",
        "repositoryURL": "https://github.com/stasel/WebRTC",
        "state": {
          "branch": null,
          "revision": "0f5f7b40b7fa53ad46ccece1665dbca3897df766",
          "version": "96.0.0"
        }
      }
    ]
  },
  "version": 1
}
